
Microsoft Visual Studio Solution File, Format Version 12.00
# Visual Studio 15
VisualStudioVersion = 15.0.27428.2037
MinimumVisualStudioVersion = 10.0.40219.1
Project("{9A19103F-16F7-4668-BE54-9A1E7A4F7556}") = "SevenTiny.Bantina.AutoMapper", "..\10-Code\SevenTiny.Bantina.AutoMapper\SevenTiny.Bantina.AutoMapper.csproj", "{1B1883E3-2929-45EB-8864-523486EA5C66}"
EndProject
Global
	GlobalSection(SolutionConfigurationPlatforms) = preSolution
		Debug|Any CPU = Debug|Any CPU
		Release|Any CPU = Release|Any CPU
	EndGlobalSection
	GlobalSection(ProjectConfigurationPlatforms) = postSolution
		{1B1883E3-2929-45EB-8864-523486EA5C66}.Debug|Any CPU.ActiveCfg = Debug|Any CPU
		{1B1883E3-2929-45EB-8864-523486EA5C66}.Debug|Any CPU.Build.0 = Debug|Any CPU
		{1B1883E3-2929-45EB-8864-523486EA5C66}.Release|Any CPU.ActiveCfg = Release|Any CPU
		{1B1883E3-2929-45EB-8864-523486EA5C66}.Release|Any CPU.Build.0 = Release|Any CPU
	EndGlobalSection
	GlobalSection(SolutionProperties) = preSolution
		HideSolutionNode = FALSE
	EndGlobalSection
	GlobalSection(ExtensibilityGlobals) = postSolution
		SolutionGuid = {E387BA8A-4A79-42A6-9D80-7AE77419B2F1}
	EndGlobalSection
EndGlobal
