
Microsoft Visual Studio Solution File, Format Version 12.00
# Visual Studio 15
VisualStudioVersion = 15.0.28010.2003
MinimumVisualStudioVersion = 10.0.40219.1
Project("{9A19103F-16F7-4668-BE54-9A1E7A4F7556}") = "SevenTiny.Bantina.Aop", "..\10-Code\SevenTiny.Bantina.Aop\SevenTiny.Bantina.Aop.csproj", "{AACA16D4-07F4-4451-98CA-D873D6095333}"
EndProject
Global
	GlobalSection(SolutionConfigurationPlatforms) = preSolution
		Debug|Any CPU = Debug|Any CPU
		Release|Any CPU = Release|Any CPU
	EndGlobalSection
	GlobalSection(ProjectConfigurationPlatforms) = postSolution
		{AACA16D4-07F4-4451-98CA-D873D6095333}.Debug|Any CPU.ActiveCfg = Debug|Any CPU
		{AACA16D4-07F4-4451-98CA-D873D6095333}.Debug|Any CPU.Build.0 = Debug|Any CPU
		{AACA16D4-07F4-4451-98CA-D873D6095333}.Release|Any CPU.ActiveCfg = Release|Any CPU
		{AACA16D4-07F4-4451-98CA-D873D6095333}.Release|Any CPU.Build.0 = Release|Any CPU
	EndGlobalSection
	GlobalSection(SolutionProperties) = preSolution
		HideSolutionNode = FALSE
	EndGlobalSection
	GlobalSection(ExtensibilityGlobals) = postSolution
		SolutionGuid = {BFAB73F7-7E03-4817-919C-FDFF63B5934E}
	EndGlobalSection
EndGlobal
