
Microsoft Visual Studio Solution File, Format Version 12.00
# Visual Studio Version 16
VisualStudioVersion = 16.0.28803.202
MinimumVisualStudioVersion = 10.0.40219.1
Project("{2150E333-8FDC-42A3-9474-1A3956D46DE8}") = "0-Test", "0-Test", "{2ABC8D33-AB2E-4096-9F37-E78A87310478}"
EndProject
Project("{9A19103F-16F7-4668-BE54-9A1E7A4F7556}") = "Bamboo.Configuration.MySql", "Bamboo.Configuration.MySql\Bamboo.Configuration.MySql.csproj", "{E12519AA-0FE7-4B98-945D-71597F8F4FF5}"
EndProject
Project("{9A19103F-16F7-4668-BE54-9A1E7A4F7556}") = "Bamboo.Configuration.Core", "Bamboo.Configuration.Core\Bamboo.Configuration.Core.csproj", "{A537B18B-8B6F-4E6C-9240-59C87A82B156}"
EndProject
Project("{9A19103F-16F7-4668-BE54-9A1E7A4F7556}") = "Test.Configuration.Core", "Tests\Test.Configuration.Core\Test.Configuration.Core.csproj", "{544E75AB-5D02-4E80-9816-BBA24345ED17}"
EndProject
Project("{9A19103F-16F7-4668-BE54-9A1E7A4F7556}") = "Test.Configuration.MySql", "Tests\Test.Configuration.MySql\Test.Configuration.MySql.csproj", "{95D23E4E-1FFB-4184-ACD6-E2A7CE23CA34}"
EndProject
Project("{9A19103F-16F7-4668-BE54-9A1E7A4F7556}") = "Test.Nuget", "Tests\Test.Nuget\Test.Nuget.csproj", "{D3E4A238-165A-4CE3-AB8F-1C0DFEA3C84A}"
EndProject
Project("{9A19103F-16F7-4668-BE54-9A1E7A4F7556}") = "Bamboo.Configuration.Json", "Bamboo.Configuration.Json\Bamboo.Configuration.Json.csproj", "{FE602509-F09B-4D15-B2CF-3A3F6FD3342E}"
EndProject
Project("{9A19103F-16F7-4668-BE54-9A1E7A4F7556}") = "Bamboo.Configuration.Xml", "Bamboo.Configuration.Xml\Bamboo.Configuration.Xml.csproj", "{739DC08C-4854-4DC3-A02B-C4F6739B2E04}"
EndProject
Project("{9A19103F-16F7-4668-BE54-9A1E7A4F7556}") = "Bamboo.Configuration.Apollo", "Bamboo.Configuration.Apollo\Bamboo.Configuration.Apollo.csproj", "{999C645F-6614-4D77-B4FE-C542CBD8036F}"
EndProject
Project("{9A19103F-16F7-4668-BE54-9A1E7A4F7556}") = "Test.Configuration.Json", "Tests\Test.Configuration.Json\Test.Configuration.Json.csproj", "{9B95828A-D9CD-4CC8-B58C-A7470F5C9310}"
EndProject
Project("{9A19103F-16F7-4668-BE54-9A1E7A4F7556}") = "Test.Configuration.Xml", "Tests\Test.Configuration.Xml\Test.Configuration.Xml.csproj", "{19232E06-FE53-4D09-BB24-FC808CFB8774}"
EndProject
Project("{2150E333-8FDC-42A3-9474-1A3956D46DE8}") = "Extends", "Extends", "{D7A4C5F9-B597-4353-B389-7DA8F26AF755}"
EndProject
Project("{FAE04EC0-301F-11D3-BF4B-00C04F79EFBC}") = "Bamboo.Configuration.Git", "Bamboo.Configuration.Git\Bamboo.Configuration.Git.csproj", "{AFA21977-58AA-4DA1-AEFB-40E3D7CF4437}"
EndProject
Project("{FAE04EC0-301F-11D3-BF4B-00C04F79EFBC}") = "Test.Configuration.Git", "Tests\Test.Configuration.Git\Test.Configuration.Git.csproj", "{C619C116-90FF-465F-AD0B-62B281DBBE64}"
EndProject
Global
	GlobalSection(SolutionConfigurationPlatforms) = preSolution
		Debug|Any CPU = Debug|Any CPU
		Release|Any CPU = Release|Any CPU
	EndGlobalSection
	GlobalSection(ProjectConfigurationPlatforms) = postSolution
		{E12519AA-0FE7-4B98-945D-71597F8F4FF5}.Debug|Any CPU.ActiveCfg = Debug|Any CPU
		{E12519AA-0FE7-4B98-945D-71597F8F4FF5}.Debug|Any CPU.Build.0 = Debug|Any CPU
		{E12519AA-0FE7-4B98-945D-71597F8F4FF5}.Release|Any CPU.ActiveCfg = Release|Any CPU
		{E12519AA-0FE7-4B98-945D-71597F8F4FF5}.Release|Any CPU.Build.0 = Release|Any CPU
		{A537B18B-8B6F-4E6C-9240-59C87A82B156}.Debug|Any CPU.ActiveCfg = Debug|Any CPU
		{A537B18B-8B6F-4E6C-9240-59C87A82B156}.Debug|Any CPU.Build.0 = Debug|Any CPU
		{A537B18B-8B6F-4E6C-9240-59C87A82B156}.Release|Any CPU.ActiveCfg = Release|Any CPU
		{A537B18B-8B6F-4E6C-9240-59C87A82B156}.Release|Any CPU.Build.0 = Release|Any CPU
		{544E75AB-5D02-4E80-9816-BBA24345ED17}.Debug|Any CPU.ActiveCfg = Debug|Any CPU
		{544E75AB-5D02-4E80-9816-BBA24345ED17}.Debug|Any CPU.Build.0 = Debug|Any CPU
		{544E75AB-5D02-4E80-9816-BBA24345ED17}.Release|Any CPU.ActiveCfg = Release|Any CPU
		{544E75AB-5D02-4E80-9816-BBA24345ED17}.Release|Any CPU.Build.0 = Release|Any CPU
		{95D23E4E-1FFB-4184-ACD6-E2A7CE23CA34}.Debug|Any CPU.ActiveCfg = Debug|Any CPU
		{95D23E4E-1FFB-4184-ACD6-E2A7CE23CA34}.Debug|Any CPU.Build.0 = Debug|Any CPU
		{95D23E4E-1FFB-4184-ACD6-E2A7CE23CA34}.Release|Any CPU.ActiveCfg = Release|Any CPU
		{95D23E4E-1FFB-4184-ACD6-E2A7CE23CA34}.Release|Any CPU.Build.0 = Release|Any CPU
		{D3E4A238-165A-4CE3-AB8F-1C0DFEA3C84A}.Debug|Any CPU.ActiveCfg = Debug|Any CPU
		{D3E4A238-165A-4CE3-AB8F-1C0DFEA3C84A}.Debug|Any CPU.Build.0 = Debug|Any CPU
		{D3E4A238-165A-4CE3-AB8F-1C0DFEA3C84A}.Release|Any CPU.ActiveCfg = Release|Any CPU
		{D3E4A238-165A-4CE3-AB8F-1C0DFEA3C84A}.Release|Any CPU.Build.0 = Release|Any CPU
		{FE602509-F09B-4D15-B2CF-3A3F6FD3342E}.Debug|Any CPU.ActiveCfg = Debug|Any CPU
		{FE602509-F09B-4D15-B2CF-3A3F6FD3342E}.Debug|Any CPU.Build.0 = Debug|Any CPU
		{FE602509-F09B-4D15-B2CF-3A3F6FD3342E}.Release|Any CPU.ActiveCfg = Release|Any CPU
		{FE602509-F09B-4D15-B2CF-3A3F6FD3342E}.Release|Any CPU.Build.0 = Release|Any CPU
		{739DC08C-4854-4DC3-A02B-C4F6739B2E04}.Debug|Any CPU.ActiveCfg = Debug|Any CPU
		{739DC08C-4854-4DC3-A02B-C4F6739B2E04}.Debug|Any CPU.Build.0 = Debug|Any CPU
		{739DC08C-4854-4DC3-A02B-C4F6739B2E04}.Release|Any CPU.ActiveCfg = Release|Any CPU
		{739DC08C-4854-4DC3-A02B-C4F6739B2E04}.Release|Any CPU.Build.0 = Release|Any CPU
		{999C645F-6614-4D77-B4FE-C542CBD8036F}.Debug|Any CPU.ActiveCfg = Debug|Any CPU
		{999C645F-6614-4D77-B4FE-C542CBD8036F}.Debug|Any CPU.Build.0 = Debug|Any CPU
		{999C645F-6614-4D77-B4FE-C542CBD8036F}.Release|Any CPU.ActiveCfg = Release|Any CPU
		{999C645F-6614-4D77-B4FE-C542CBD8036F}.Release|Any CPU.Build.0 = Release|Any CPU
		{9B95828A-D9CD-4CC8-B58C-A7470F5C9310}.Debug|Any CPU.ActiveCfg = Debug|Any CPU
		{9B95828A-D9CD-4CC8-B58C-A7470F5C9310}.Debug|Any CPU.Build.0 = Debug|Any CPU
		{9B95828A-D9CD-4CC8-B58C-A7470F5C9310}.Release|Any CPU.ActiveCfg = Release|Any CPU
		{9B95828A-D9CD-4CC8-B58C-A7470F5C9310}.Release|Any CPU.Build.0 = Release|Any CPU
		{19232E06-FE53-4D09-BB24-FC808CFB8774}.Debug|Any CPU.ActiveCfg = Debug|Any CPU
		{19232E06-FE53-4D09-BB24-FC808CFB8774}.Debug|Any CPU.Build.0 = Debug|Any CPU
		{19232E06-FE53-4D09-BB24-FC808CFB8774}.Release|Any CPU.ActiveCfg = Release|Any CPU
		{19232E06-FE53-4D09-BB24-FC808CFB8774}.Release|Any CPU.Build.0 = Release|Any CPU
		{AFA21977-58AA-4DA1-AEFB-40E3D7CF4437}.Debug|Any CPU.ActiveCfg = Debug|Any CPU
		{AFA21977-58AA-4DA1-AEFB-40E3D7CF4437}.Debug|Any CPU.Build.0 = Debug|Any CPU
		{AFA21977-58AA-4DA1-AEFB-40E3D7CF4437}.Release|Any CPU.ActiveCfg = Release|Any CPU
		{AFA21977-58AA-4DA1-AEFB-40E3D7CF4437}.Release|Any CPU.Build.0 = Release|Any CPU
		{C619C116-90FF-465F-AD0B-62B281DBBE64}.Debug|Any CPU.ActiveCfg = Debug|Any CPU
		{C619C116-90FF-465F-AD0B-62B281DBBE64}.Debug|Any CPU.Build.0 = Debug|Any CPU
		{C619C116-90FF-465F-AD0B-62B281DBBE64}.Release|Any CPU.ActiveCfg = Release|Any CPU
		{C619C116-90FF-465F-AD0B-62B281DBBE64}.Release|Any CPU.Build.0 = Release|Any CPU
	EndGlobalSection
	GlobalSection(SolutionProperties) = preSolution
		HideSolutionNode = FALSE
	EndGlobalSection
	GlobalSection(NestedProjects) = preSolution
		{E12519AA-0FE7-4B98-945D-71597F8F4FF5} = {D7A4C5F9-B597-4353-B389-7DA8F26AF755}
		{544E75AB-5D02-4E80-9816-BBA24345ED17} = {2ABC8D33-AB2E-4096-9F37-E78A87310478}
		{95D23E4E-1FFB-4184-ACD6-E2A7CE23CA34} = {2ABC8D33-AB2E-4096-9F37-E78A87310478}
		{D3E4A238-165A-4CE3-AB8F-1C0DFEA3C84A} = {2ABC8D33-AB2E-4096-9F37-E78A87310478}
		{FE602509-F09B-4D15-B2CF-3A3F6FD3342E} = {D7A4C5F9-B597-4353-B389-7DA8F26AF755}
		{739DC08C-4854-4DC3-A02B-C4F6739B2E04} = {D7A4C5F9-B597-4353-B389-7DA8F26AF755}
		{999C645F-6614-4D77-B4FE-C542CBD8036F} = {D7A4C5F9-B597-4353-B389-7DA8F26AF755}
		{9B95828A-D9CD-4CC8-B58C-A7470F5C9310} = {2ABC8D33-AB2E-4096-9F37-E78A87310478}
		{19232E06-FE53-4D09-BB24-FC808CFB8774} = {2ABC8D33-AB2E-4096-9F37-E78A87310478}
		{AFA21977-58AA-4DA1-AEFB-40E3D7CF4437} = {D7A4C5F9-B597-4353-B389-7DA8F26AF755}
		{C619C116-90FF-465F-AD0B-62B281DBBE64} = {2ABC8D33-AB2E-4096-9F37-E78A87310478}
	EndGlobalSection
	GlobalSection(ExtensibilityGlobals) = postSolution
		SolutionGuid = {11EEE8CE-BDC4-48DA-9ACE-711775E555B5}
	EndGlobalSection
EndGlobal
