
Microsoft Visual Studio Solution File, Format Version 12.00
# Visual Studio Version 16
VisualStudioVersion = 16.0.29009.5
MinimumVisualStudioVersion = 10.0.40219.1
Project("{9A19103F-16F7-4668-BE54-9A1E7A4F7556}") = "SevenTiny.Bantina.Extensions.AspNetCore", "..\10-Code\SevenTiny.Bantina.Extensions.AspNetCore\SevenTiny.Bantina.Extensions.AspNetCore.csproj", "{35246AE3-5365-42A3-878B-9F4B25404C95}"
EndProject
Global
	GlobalSection(SolutionConfigurationPlatforms) = preSolution
		Debug|Any CPU = Debug|Any CPU
		Release|Any CPU = Release|Any CPU
	EndGlobalSection
	GlobalSection(ProjectConfigurationPlatforms) = postSolution
		{35246AE3-5365-42A3-878B-9F4B25404C95}.Debug|Any CPU.ActiveCfg = Debug|Any CPU
		{35246AE3-5365-42A3-878B-9F4B25404C95}.Debug|Any CPU.Build.0 = Debug|Any CPU
		{35246AE3-5365-42A3-878B-9F4B25404C95}.Release|Any CPU.ActiveCfg = Release|Any CPU
		{35246AE3-5365-42A3-878B-9F4B25404C95}.Release|Any CPU.Build.0 = Release|Any CPU
	EndGlobalSection
	GlobalSection(SolutionProperties) = preSolution
		HideSolutionNode = FALSE
	EndGlobalSection
	GlobalSection(ExtensibilityGlobals) = postSolution
		SolutionGuid = {DBE126B2-7665-42ED-B630-311154C92ECB}
	EndGlobalSection
EndGlobal
