
Microsoft Visual Studio Solution File, Format Version 12.00
# Visual Studio 15
VisualStudioVersion = 15.0.27004.2008
MinimumVisualStudioVersion = 10.0.40219.1
Project("{9A19103F-16F7-4668-BE54-9A1E7A4F7556}") = "SevenTiny.Bantina", "..\10-Code\SevenTiny.Bantina\SevenTiny.Bantina.csproj", "{91E2949D-D240-489A-801F-F86706DA6530}"
EndProject
Project("{2150E333-8FDC-42A3-9474-1A3956D46DE8}") = "Test", "Test", "{AD0F34B2-DC13-4DD9-BFA2-9185CC1955A5}"
EndProject
Project("{9A19103F-16F7-4668-BE54-9A1E7A4F7556}") = "Test.SevenTiny.Bantina.Model", "..\10-Code\Test.SevenTiny.Bantina.Model\Test.SevenTiny.Bantina.Model.csproj", "{89783111-4889-42B9-A26A-20D6AE5EE0D1}"
EndProject
Project("{9A19103F-16F7-4668-BE54-9A1E7A4F7556}") = "Test.SevenTiny.Bantina.ConsoleApp", "..\10-Code\Test.SevenTiny.Bantina.ConsoleApp\Test.SevenTiny.Bantina.ConsoleApp.csproj", "{1C871AC0-0213-44CB-8D4D-72E017127DBA}"
EndProject
Project("{9A19103F-16F7-4668-BE54-9A1E7A4F7556}") = "SevenTiny.Bantina.Configuration", "..\10-Code\SevenTiny.Bantina.Configuration\SevenTiny.Bantina.Configuration.csproj", "{B9D16353-5FCE-4CC6-9278-FD24A43E5D9F}"
EndProject
Project("{9A19103F-16F7-4668-BE54-9A1E7A4F7556}") = "SevenTiny.Bantina.Logging", "..\10-Code\SevenTiny.Bantina.Logging\SevenTiny.Bantina.Logging.csproj", "{DA01D74A-9421-4F91-9821-34BA9D499293}"
EndProject
Project("{9A19103F-16F7-4668-BE54-9A1E7A4F7556}") = "SevenTiny.Bantina.Bankinate", "..\10-Code\SevenTiny.Bantina.Bankinate\SevenTiny.Bantina.Bankinate.csproj", "{9E011E1E-739F-44A2-AF48-1ABE9BB8CA72}"
EndProject
Project("{9A19103F-16F7-4668-BE54-9A1E7A4F7556}") = "SevenTiny.Bantina.Amqp", "..\10-Code\SevenTiny.Bantina.Amqp\SevenTiny.Bantina.Amqp.csproj", "{612AD90E-78E1-49AB-8112-0980EF31039E}"
EndProject
Project("{9A19103F-16F7-4668-BE54-9A1E7A4F7556}") = "SevenTiny.Bantina.Internationalization", "..\10-Code\SevenTiny.Bantina.Internationalization\SevenTiny.Bantina.Internationalization.csproj", "{D1DE01A0-43B5-44E9-B6FD-805ED0198904}"
EndProject
Project("{9A19103F-16F7-4668-BE54-9A1E7A4F7556}") = "SevenTiny.Bantina.ElasticSearch", "..\10-Code\SevenTiny.Bantina.ElasticSearch\SevenTiny.Bantina.ElasticSearch.csproj", "{68E3ED73-BE4A-4744-A473-568B8A3CCE19}"
EndProject
Project("{9A19103F-16F7-4668-BE54-9A1E7A4F7556}") = "SevenTiny.Bantina.Redis", "..\10-Code\SevenTiny.Bantina.Redis\SevenTiny.Bantina.Redis.csproj", "{D6814C3C-58A1-4F1F-8D47-8B4C5BEA6485}"
EndProject
Project("{9A19103F-16F7-4668-BE54-9A1E7A4F7556}") = "SevenTiny.Bantina.AutoMapper", "..\10-Code\SevenTiny.Bantina.AutoMapper\SevenTiny.Bantina.AutoMapper.csproj", "{3938EBB5-1A12-4104-81BE-6B38D3DF1B01}"
EndProject
Project("{9A19103F-16F7-4668-BE54-9A1E7A4F7556}") = "Test.SevenTiny.Bantina", "..\10-Code\Test.SevenTiny.Bantina\Test.SevenTiny.Bantina.csproj", "{2983D245-53DE-4B34-899B-17882258C457}"
EndProject
Project("{FAE04EC0-301F-11D3-BF4B-00C04F79EFBC}") = "Test.SevenTiny.Bankinate", "..\10-Code\Test.SevenTiny.Bankinate\Test.SevenTiny.Bankinate.csproj", "{C50262C9-E0C4-4997-BFF1-42FAF2BBD7E3}"
EndProject
Project("{FAE04EC0-301F-11D3-BF4B-00C04F79EFBC}") = "Test.SevenTiny.Bantina.Bankinate", "..\10-Code\Test.SevenTiny.Bantina.Bankinate\Test.SevenTiny.Bantina.Bankinate.csproj", "{FA5B6CCC-E6B3-49DB-A8BD-9CA7DE85486E}"
EndProject
Global
	GlobalSection(SolutionConfigurationPlatforms) = preSolution
		Debug|Any CPU = Debug|Any CPU
		Release|Any CPU = Release|Any CPU
	EndGlobalSection
	GlobalSection(ProjectConfigurationPlatforms) = postSolution
		{91E2949D-D240-489A-801F-F86706DA6530}.Debug|Any CPU.ActiveCfg = Debug|Any CPU
		{91E2949D-D240-489A-801F-F86706DA6530}.Debug|Any CPU.Build.0 = Debug|Any CPU
		{91E2949D-D240-489A-801F-F86706DA6530}.Release|Any CPU.ActiveCfg = Release|Any CPU
		{91E2949D-D240-489A-801F-F86706DA6530}.Release|Any CPU.Build.0 = Release|Any CPU
		{89783111-4889-42B9-A26A-20D6AE5EE0D1}.Debug|Any CPU.ActiveCfg = Debug|Any CPU
		{89783111-4889-42B9-A26A-20D6AE5EE0D1}.Debug|Any CPU.Build.0 = Debug|Any CPU
		{89783111-4889-42B9-A26A-20D6AE5EE0D1}.Release|Any CPU.ActiveCfg = Release|Any CPU
		{89783111-4889-42B9-A26A-20D6AE5EE0D1}.Release|Any CPU.Build.0 = Release|Any CPU
		{1C871AC0-0213-44CB-8D4D-72E017127DBA}.Debug|Any CPU.ActiveCfg = Debug|Any CPU
		{1C871AC0-0213-44CB-8D4D-72E017127DBA}.Debug|Any CPU.Build.0 = Debug|Any CPU
		{1C871AC0-0213-44CB-8D4D-72E017127DBA}.Release|Any CPU.ActiveCfg = Release|Any CPU
		{1C871AC0-0213-44CB-8D4D-72E017127DBA}.Release|Any CPU.Build.0 = Release|Any CPU
		{B9D16353-5FCE-4CC6-9278-FD24A43E5D9F}.Debug|Any CPU.ActiveCfg = Debug|Any CPU
		{B9D16353-5FCE-4CC6-9278-FD24A43E5D9F}.Debug|Any CPU.Build.0 = Debug|Any CPU
		{B9D16353-5FCE-4CC6-9278-FD24A43E5D9F}.Release|Any CPU.ActiveCfg = Release|Any CPU
		{B9D16353-5FCE-4CC6-9278-FD24A43E5D9F}.Release|Any CPU.Build.0 = Release|Any CPU
		{DA01D74A-9421-4F91-9821-34BA9D499293}.Debug|Any CPU.ActiveCfg = Debug|Any CPU
		{DA01D74A-9421-4F91-9821-34BA9D499293}.Debug|Any CPU.Build.0 = Debug|Any CPU
		{DA01D74A-9421-4F91-9821-34BA9D499293}.Release|Any CPU.ActiveCfg = Release|Any CPU
		{DA01D74A-9421-4F91-9821-34BA9D499293}.Release|Any CPU.Build.0 = Release|Any CPU
		{9E011E1E-739F-44A2-AF48-1ABE9BB8CA72}.Debug|Any CPU.ActiveCfg = Debug|Any CPU
		{9E011E1E-739F-44A2-AF48-1ABE9BB8CA72}.Debug|Any CPU.Build.0 = Debug|Any CPU
		{9E011E1E-739F-44A2-AF48-1ABE9BB8CA72}.Release|Any CPU.ActiveCfg = Release|Any CPU
		{9E011E1E-739F-44A2-AF48-1ABE9BB8CA72}.Release|Any CPU.Build.0 = Release|Any CPU
		{612AD90E-78E1-49AB-8112-0980EF31039E}.Debug|Any CPU.ActiveCfg = Debug|Any CPU
		{612AD90E-78E1-49AB-8112-0980EF31039E}.Debug|Any CPU.Build.0 = Debug|Any CPU
		{612AD90E-78E1-49AB-8112-0980EF31039E}.Release|Any CPU.ActiveCfg = Release|Any CPU
		{612AD90E-78E1-49AB-8112-0980EF31039E}.Release|Any CPU.Build.0 = Release|Any CPU
		{D1DE01A0-43B5-44E9-B6FD-805ED0198904}.Debug|Any CPU.ActiveCfg = Debug|Any CPU
		{D1DE01A0-43B5-44E9-B6FD-805ED0198904}.Debug|Any CPU.Build.0 = Debug|Any CPU
		{D1DE01A0-43B5-44E9-B6FD-805ED0198904}.Release|Any CPU.ActiveCfg = Release|Any CPU
		{D1DE01A0-43B5-44E9-B6FD-805ED0198904}.Release|Any CPU.Build.0 = Release|Any CPU
		{68E3ED73-BE4A-4744-A473-568B8A3CCE19}.Debug|Any CPU.ActiveCfg = Debug|Any CPU
		{68E3ED73-BE4A-4744-A473-568B8A3CCE19}.Debug|Any CPU.Build.0 = Debug|Any CPU
		{68E3ED73-BE4A-4744-A473-568B8A3CCE19}.Release|Any CPU.ActiveCfg = Release|Any CPU
		{68E3ED73-BE4A-4744-A473-568B8A3CCE19}.Release|Any CPU.Build.0 = Release|Any CPU
		{D6814C3C-58A1-4F1F-8D47-8B4C5BEA6485}.Debug|Any CPU.ActiveCfg = Debug|Any CPU
		{D6814C3C-58A1-4F1F-8D47-8B4C5BEA6485}.Debug|Any CPU.Build.0 = Debug|Any CPU
		{D6814C3C-58A1-4F1F-8D47-8B4C5BEA6485}.Release|Any CPU.ActiveCfg = Release|Any CPU
		{D6814C3C-58A1-4F1F-8D47-8B4C5BEA6485}.Release|Any CPU.Build.0 = Release|Any CPU
		{3938EBB5-1A12-4104-81BE-6B38D3DF1B01}.Debug|Any CPU.ActiveCfg = Debug|Any CPU
		{3938EBB5-1A12-4104-81BE-6B38D3DF1B01}.Debug|Any CPU.Build.0 = Debug|Any CPU
		{3938EBB5-1A12-4104-81BE-6B38D3DF1B01}.Release|Any CPU.ActiveCfg = Release|Any CPU
		{3938EBB5-1A12-4104-81BE-6B38D3DF1B01}.Release|Any CPU.Build.0 = Release|Any CPU
		{2983D245-53DE-4B34-899B-17882258C457}.Debug|Any CPU.ActiveCfg = Debug|Any CPU
		{2983D245-53DE-4B34-899B-17882258C457}.Debug|Any CPU.Build.0 = Debug|Any CPU
		{2983D245-53DE-4B34-899B-17882258C457}.Release|Any CPU.ActiveCfg = Release|Any CPU
		{2983D245-53DE-4B34-899B-17882258C457}.Release|Any CPU.Build.0 = Release|Any CPU
		{C50262C9-E0C4-4997-BFF1-42FAF2BBD7E3}.Debug|Any CPU.ActiveCfg = Debug|Any CPU
		{C50262C9-E0C4-4997-BFF1-42FAF2BBD7E3}.Debug|Any CPU.Build.0 = Debug|Any CPU
		{C50262C9-E0C4-4997-BFF1-42FAF2BBD7E3}.Release|Any CPU.ActiveCfg = Release|Any CPU
		{C50262C9-E0C4-4997-BFF1-42FAF2BBD7E3}.Release|Any CPU.Build.0 = Release|Any CPU
	EndGlobalSection
	GlobalSection(SolutionProperties) = preSolution
		HideSolutionNode = FALSE
	EndGlobalSection
	GlobalSection(NestedProjects) = preSolution
		{89783111-4889-42B9-A26A-20D6AE5EE0D1} = {AD0F34B2-DC13-4DD9-BFA2-9185CC1955A5}
		{1C871AC0-0213-44CB-8D4D-72E017127DBA} = {AD0F34B2-DC13-4DD9-BFA2-9185CC1955A5}
		{2983D245-53DE-4B34-899B-17882258C457} = {AD0F34B2-DC13-4DD9-BFA2-9185CC1955A5}
		{C50262C9-E0C4-4997-BFF1-42FAF2BBD7E3} = {AD0F34B2-DC13-4DD9-BFA2-9185CC1955A5}
	EndGlobalSection
	GlobalSection(ExtensibilityGlobals) = postSolution
		SolutionGuid = {36AE3A79-F83B-4BBF-8599-4327AB1291F2}
	EndGlobalSection
EndGlobal
