
Microsoft Visual Studio Solution File, Format Version 12.00
# Visual Studio 15
VisualStudioVersion = 15.0.27428.2037
MinimumVisualStudioVersion = 10.0.40219.1
Project("{9A19103F-16F7-4668-BE54-9A1E7A4F7556}") = "SevenTiny.Bantina.Bankinate", "..\10-Code\SevenTiny.Bantina.Bankinate\SevenTiny.Bantina.Bankinate.csproj", "{81F0C6B2-6BC5-47D5-B198-C34DA71BA920}"
EndProject
Global
	GlobalSection(SolutionConfigurationPlatforms) = preSolution
		Debug|Any CPU = Debug|Any CPU
		Release|Any CPU = Release|Any CPU
	EndGlobalSection
	GlobalSection(ProjectConfigurationPlatforms) = postSolution
		{81F0C6B2-6BC5-47D5-B198-C34DA71BA920}.Debug|Any CPU.ActiveCfg = Debug|Any CPU
		{81F0C6B2-6BC5-47D5-B198-C34DA71BA920}.Debug|Any CPU.Build.0 = Debug|Any CPU
		{81F0C6B2-6BC5-47D5-B198-C34DA71BA920}.Release|Any CPU.ActiveCfg = Release|Any CPU
		{81F0C6B2-6BC5-47D5-B198-C34DA71BA920}.Release|Any CPU.Build.0 = Release|Any CPU
	EndGlobalSection
	GlobalSection(SolutionProperties) = preSolution
		HideSolutionNode = FALSE
	EndGlobalSection
	GlobalSection(ExtensibilityGlobals) = postSolution
		SolutionGuid = {6877A61D-D2DF-470C-AF7F-FE2F330044CF}
	EndGlobalSection
EndGlobal
