
Microsoft Visual Studio Solution File, Format Version 12.00
# Visual Studio 15
VisualStudioVersion = 15.0.27004.2008
MinimumVisualStudioVersion = 10.0.40219.1
Project("{9A19103F-16F7-4668-BE54-9A1E7A4F7556}") = "SevenTiny.Bantina", "..\10-Code\SevenTiny.Bantina\SevenTiny.Bantina.csproj", "{91E2949D-D240-489A-801F-F86706DA6530}"
EndProject
Project("{2150E333-8FDC-42A3-9474-1A3956D46DE8}") = "Test", "Test", "{AD0F34B2-DC13-4DD9-BFA2-9185CC1955A5}"
EndProject
Project("{9A19103F-16F7-4668-BE54-9A1E7A4F7556}") = "SevenTiny.Bantina.Logging", "..\10-Code\SevenTiny.Bantina.Logging\SevenTiny.Bantina.Logging.csproj", "{DA01D74A-9421-4F91-9821-34BA9D499293}"
EndProject
Project("{9A19103F-16F7-4668-BE54-9A1E7A4F7556}") = "SevenTiny.Bantina.Amqp", "..\10-Code\SevenTiny.Bantina.Amqp\SevenTiny.Bantina.Amqp.csproj", "{612AD90E-78E1-49AB-8112-0980EF31039E}"
EndProject
Project("{9A19103F-16F7-4668-BE54-9A1E7A4F7556}") = "SevenTiny.Bantina.Internationalization", "..\10-Code\SevenTiny.Bantina.Internationalization\SevenTiny.Bantina.Internationalization.csproj", "{D1DE01A0-43B5-44E9-B6FD-805ED0198904}"
EndProject
Project("{9A19103F-16F7-4668-BE54-9A1E7A4F7556}") = "SevenTiny.Bantina.ElasticSearch", "..\10-Code\SevenTiny.Bantina.ElasticSearch\SevenTiny.Bantina.ElasticSearch.csproj", "{68E3ED73-BE4A-4744-A473-568B8A3CCE19}"
EndProject
Project("{9A19103F-16F7-4668-BE54-9A1E7A4F7556}") = "SevenTiny.Bantina.Redis", "..\10-Code\SevenTiny.Bantina.Redis\SevenTiny.Bantina.Redis.csproj", "{D6814C3C-58A1-4F1F-8D47-8B4C5BEA6485}"
EndProject
Project("{9A19103F-16F7-4668-BE54-9A1E7A4F7556}") = "SevenTiny.Bantina.AutoMapper", "..\10-Code\SevenTiny.Bantina.AutoMapper\SevenTiny.Bantina.AutoMapper.csproj", "{3938EBB5-1A12-4104-81BE-6B38D3DF1B01}"
EndProject
Project("{9A19103F-16F7-4668-BE54-9A1E7A4F7556}") = "Test.SevenTiny.Bantina", "..\10-Code\Test.SevenTiny.Bantina\Test.SevenTiny.Bantina.csproj", "{2983D245-53DE-4B34-899B-17882258C457}"
EndProject
Project("{9A19103F-16F7-4668-BE54-9A1E7A4F7556}") = "Test.SevenTiny.Bantina.Logging", "..\10-Code\Test.SevenTiny.Bantina.Logging\Test.SevenTiny.Bantina.Logging.csproj", "{7CC5C352-4EF3-4E47-92C1-39875B6FE1B9}"
EndProject
Project("{9A19103F-16F7-4668-BE54-9A1E7A4F7556}") = "Test.SevenTiny.Bantina.AutoMapper", "..\10-Code\Test.SevenTiny.Bantina.AutoMapper\Test.SevenTiny.Bantina.AutoMapper.csproj", "{406BE5C8-E34C-41D3-B9A9-ED43D1CA0459}"
EndProject
Project("{9A19103F-16F7-4668-BE54-9A1E7A4F7556}") = "Test.SevenTiny.Bantina.Redis", "..\10-Code\Test.SevenTiny.Bantina.Redis\Test.SevenTiny.Bantina.Redis.csproj", "{2B069340-6627-498C-99FB-9089CC307EE0}"
EndProject
Project("{9A19103F-16F7-4668-BE54-9A1E7A4F7556}") = "SevenTiny.Bantina.Aop", "..\10-Code\SevenTiny.Bantina.Aop\SevenTiny.Bantina.Aop.csproj", "{0252B3A9-0B7C-401D-B898-8A116FFAECB3}"
EndProject
Project("{9A19103F-16F7-4668-BE54-9A1E7A4F7556}") = "Test.SevenTiny.Bantina.Aop", "..\10-Code\Test.SevenTiny.Bantina.Aop\Test.SevenTiny.Bantina.Aop.csproj", "{A32681CF-0AC3-43F5-917B-7E5AAC06A960}"
EndProject
Project("{9A19103F-16F7-4668-BE54-9A1E7A4F7556}") = "SevenTiny.Bantina.DependencyInjection", "..\10-Code\SevenTiny.Bantina.DependencyInjection\SevenTiny.Bantina.DependencyInjection.csproj", "{DD3B1FE0-5A2A-4A05-9E1B-DCCC334D504F}"
EndProject
Project("{9A19103F-16F7-4668-BE54-9A1E7A4F7556}") = "SevenTiny.Bantina.Spring", "..\10-Code\SevenTiny.Bantina.Spring\SevenTiny.Bantina.Spring.csproj", "{45B5CB7C-5DA1-40A9-BE9E-A8B3D424BBB3}"
EndProject
Project("{9A19103F-16F7-4668-BE54-9A1E7A4F7556}") = "Test.SevenTiny.Bantina.Spring", "..\10-Code\Test.SevenTiny.Bantina.Spring\Test.SevenTiny.Bantina.Spring.csproj", "{45BE51C3-8A11-4060-9C52-9F202A84D6A1}"
EndProject
Global
	GlobalSection(SolutionConfigurationPlatforms) = preSolution
		Debug|Any CPU = Debug|Any CPU
		Release|Any CPU = Release|Any CPU
	EndGlobalSection
	GlobalSection(ProjectConfigurationPlatforms) = postSolution
		{91E2949D-D240-489A-801F-F86706DA6530}.Debug|Any CPU.ActiveCfg = Debug|Any CPU
		{91E2949D-D240-489A-801F-F86706DA6530}.Debug|Any CPU.Build.0 = Debug|Any CPU
		{91E2949D-D240-489A-801F-F86706DA6530}.Release|Any CPU.ActiveCfg = Release|Any CPU
		{91E2949D-D240-489A-801F-F86706DA6530}.Release|Any CPU.Build.0 = Release|Any CPU
		{DA01D74A-9421-4F91-9821-34BA9D499293}.Debug|Any CPU.ActiveCfg = Debug|Any CPU
		{DA01D74A-9421-4F91-9821-34BA9D499293}.Debug|Any CPU.Build.0 = Debug|Any CPU
		{DA01D74A-9421-4F91-9821-34BA9D499293}.Release|Any CPU.ActiveCfg = Release|Any CPU
		{DA01D74A-9421-4F91-9821-34BA9D499293}.Release|Any CPU.Build.0 = Release|Any CPU
		{612AD90E-78E1-49AB-8112-0980EF31039E}.Debug|Any CPU.ActiveCfg = Debug|Any CPU
		{612AD90E-78E1-49AB-8112-0980EF31039E}.Debug|Any CPU.Build.0 = Debug|Any CPU
		{612AD90E-78E1-49AB-8112-0980EF31039E}.Release|Any CPU.ActiveCfg = Release|Any CPU
		{612AD90E-78E1-49AB-8112-0980EF31039E}.Release|Any CPU.Build.0 = Release|Any CPU
		{D1DE01A0-43B5-44E9-B6FD-805ED0198904}.Debug|Any CPU.ActiveCfg = Debug|Any CPU
		{D1DE01A0-43B5-44E9-B6FD-805ED0198904}.Debug|Any CPU.Build.0 = Debug|Any CPU
		{D1DE01A0-43B5-44E9-B6FD-805ED0198904}.Release|Any CPU.ActiveCfg = Release|Any CPU
		{D1DE01A0-43B5-44E9-B6FD-805ED0198904}.Release|Any CPU.Build.0 = Release|Any CPU
		{68E3ED73-BE4A-4744-A473-568B8A3CCE19}.Debug|Any CPU.ActiveCfg = Debug|Any CPU
		{68E3ED73-BE4A-4744-A473-568B8A3CCE19}.Debug|Any CPU.Build.0 = Debug|Any CPU
		{68E3ED73-BE4A-4744-A473-568B8A3CCE19}.Release|Any CPU.ActiveCfg = Release|Any CPU
		{68E3ED73-BE4A-4744-A473-568B8A3CCE19}.Release|Any CPU.Build.0 = Release|Any CPU
		{D6814C3C-58A1-4F1F-8D47-8B4C5BEA6485}.Debug|Any CPU.ActiveCfg = Debug|Any CPU
		{D6814C3C-58A1-4F1F-8D47-8B4C5BEA6485}.Debug|Any CPU.Build.0 = Debug|Any CPU
		{D6814C3C-58A1-4F1F-8D47-8B4C5BEA6485}.Release|Any CPU.ActiveCfg = Release|Any CPU
		{D6814C3C-58A1-4F1F-8D47-8B4C5BEA6485}.Release|Any CPU.Build.0 = Release|Any CPU
		{3938EBB5-1A12-4104-81BE-6B38D3DF1B01}.Debug|Any CPU.ActiveCfg = Debug|Any CPU
		{3938EBB5-1A12-4104-81BE-6B38D3DF1B01}.Debug|Any CPU.Build.0 = Debug|Any CPU
		{3938EBB5-1A12-4104-81BE-6B38D3DF1B01}.Release|Any CPU.ActiveCfg = Release|Any CPU
		{3938EBB5-1A12-4104-81BE-6B38D3DF1B01}.Release|Any CPU.Build.0 = Release|Any CPU
		{2983D245-53DE-4B34-899B-17882258C457}.Debug|Any CPU.ActiveCfg = Debug|Any CPU
		{2983D245-53DE-4B34-899B-17882258C457}.Debug|Any CPU.Build.0 = Debug|Any CPU
		{2983D245-53DE-4B34-899B-17882258C457}.Release|Any CPU.ActiveCfg = Release|Any CPU
		{2983D245-53DE-4B34-899B-17882258C457}.Release|Any CPU.Build.0 = Release|Any CPU
		{7CC5C352-4EF3-4E47-92C1-39875B6FE1B9}.Debug|Any CPU.ActiveCfg = Debug|Any CPU
		{7CC5C352-4EF3-4E47-92C1-39875B6FE1B9}.Debug|Any CPU.Build.0 = Debug|Any CPU
		{7CC5C352-4EF3-4E47-92C1-39875B6FE1B9}.Release|Any CPU.ActiveCfg = Release|Any CPU
		{7CC5C352-4EF3-4E47-92C1-39875B6FE1B9}.Release|Any CPU.Build.0 = Release|Any CPU
		{406BE5C8-E34C-41D3-B9A9-ED43D1CA0459}.Debug|Any CPU.ActiveCfg = Debug|Any CPU
		{406BE5C8-E34C-41D3-B9A9-ED43D1CA0459}.Debug|Any CPU.Build.0 = Debug|Any CPU
		{406BE5C8-E34C-41D3-B9A9-ED43D1CA0459}.Release|Any CPU.ActiveCfg = Release|Any CPU
		{406BE5C8-E34C-41D3-B9A9-ED43D1CA0459}.Release|Any CPU.Build.0 = Release|Any CPU
		{2B069340-6627-498C-99FB-9089CC307EE0}.Debug|Any CPU.ActiveCfg = Debug|Any CPU
		{2B069340-6627-498C-99FB-9089CC307EE0}.Debug|Any CPU.Build.0 = Debug|Any CPU
		{2B069340-6627-498C-99FB-9089CC307EE0}.Release|Any CPU.ActiveCfg = Release|Any CPU
		{2B069340-6627-498C-99FB-9089CC307EE0}.Release|Any CPU.Build.0 = Release|Any CPU
		{0252B3A9-0B7C-401D-B898-8A116FFAECB3}.Debug|Any CPU.ActiveCfg = Debug|Any CPU
		{0252B3A9-0B7C-401D-B898-8A116FFAECB3}.Debug|Any CPU.Build.0 = Debug|Any CPU
		{0252B3A9-0B7C-401D-B898-8A116FFAECB3}.Release|Any CPU.ActiveCfg = Release|Any CPU
		{0252B3A9-0B7C-401D-B898-8A116FFAECB3}.Release|Any CPU.Build.0 = Release|Any CPU
		{A32681CF-0AC3-43F5-917B-7E5AAC06A960}.Debug|Any CPU.ActiveCfg = Debug|Any CPU
		{A32681CF-0AC3-43F5-917B-7E5AAC06A960}.Debug|Any CPU.Build.0 = Debug|Any CPU
		{A32681CF-0AC3-43F5-917B-7E5AAC06A960}.Release|Any CPU.ActiveCfg = Release|Any CPU
		{A32681CF-0AC3-43F5-917B-7E5AAC06A960}.Release|Any CPU.Build.0 = Release|Any CPU
		{DD3B1FE0-5A2A-4A05-9E1B-DCCC334D504F}.Debug|Any CPU.ActiveCfg = Debug|Any CPU
		{DD3B1FE0-5A2A-4A05-9E1B-DCCC334D504F}.Debug|Any CPU.Build.0 = Debug|Any CPU
		{DD3B1FE0-5A2A-4A05-9E1B-DCCC334D504F}.Release|Any CPU.ActiveCfg = Release|Any CPU
		{DD3B1FE0-5A2A-4A05-9E1B-DCCC334D504F}.Release|Any CPU.Build.0 = Release|Any CPU
		{45B5CB7C-5DA1-40A9-BE9E-A8B3D424BBB3}.Debug|Any CPU.ActiveCfg = Debug|Any CPU
		{45B5CB7C-5DA1-40A9-BE9E-A8B3D424BBB3}.Debug|Any CPU.Build.0 = Debug|Any CPU
		{45B5CB7C-5DA1-40A9-BE9E-A8B3D424BBB3}.Release|Any CPU.ActiveCfg = Release|Any CPU
		{45B5CB7C-5DA1-40A9-BE9E-A8B3D424BBB3}.Release|Any CPU.Build.0 = Release|Any CPU
		{45BE51C3-8A11-4060-9C52-9F202A84D6A1}.Debug|Any CPU.ActiveCfg = Debug|Any CPU
		{45BE51C3-8A11-4060-9C52-9F202A84D6A1}.Debug|Any CPU.Build.0 = Debug|Any CPU
		{45BE51C3-8A11-4060-9C52-9F202A84D6A1}.Release|Any CPU.ActiveCfg = Release|Any CPU
		{45BE51C3-8A11-4060-9C52-9F202A84D6A1}.Release|Any CPU.Build.0 = Release|Any CPU
	EndGlobalSection
	GlobalSection(SolutionProperties) = preSolution
		HideSolutionNode = FALSE
	EndGlobalSection
	GlobalSection(NestedProjects) = preSolution
		{2983D245-53DE-4B34-899B-17882258C457} = {AD0F34B2-DC13-4DD9-BFA2-9185CC1955A5}
		{7CC5C352-4EF3-4E47-92C1-39875B6FE1B9} = {AD0F34B2-DC13-4DD9-BFA2-9185CC1955A5}
		{406BE5C8-E34C-41D3-B9A9-ED43D1CA0459} = {AD0F34B2-DC13-4DD9-BFA2-9185CC1955A5}
		{2B069340-6627-498C-99FB-9089CC307EE0} = {AD0F34B2-DC13-4DD9-BFA2-9185CC1955A5}
		{A32681CF-0AC3-43F5-917B-7E5AAC06A960} = {AD0F34B2-DC13-4DD9-BFA2-9185CC1955A5}
		{45BE51C3-8A11-4060-9C52-9F202A84D6A1} = {AD0F34B2-DC13-4DD9-BFA2-9185CC1955A5}
	EndGlobalSection
	GlobalSection(ExtensibilityGlobals) = postSolution
		SolutionGuid = {36AE3A79-F83B-4BBF-8599-4327AB1291F2}
	EndGlobalSection
EndGlobal
