
Microsoft Visual Studio Solution File, Format Version 12.00
# Visual Studio Version 17
VisualStudioVersion = 17.6.33829.357
MinimumVisualStudioVersion = 10.0.40219.1
Project("{2150E333-8FDC-42A3-9474-1A3956D46DE8}") = "Bamboo.Configuration", "Bamboo.Configuration", "{49B3D648-088C-4CCD-82FF-397567F24B3D}"
EndProject
Project("{2150E333-8FDC-42A3-9474-1A3956D46DE8}") = "SevenTiny.Bantina", "SevenTiny.Bantina", "{CFE764D1-A6DC-4E34-868D-FC065FE81D40}"
EndProject
Project("{9A19103F-16F7-4668-BE54-9A1E7A4F7556}") = "SevenTiny.Bantina", "SevenTiny.Bantina\SevenTiny.Bantina.csproj", "{5639640B-3974-43AB-BC45-3156B9615930}"
EndProject
Project("{9A19103F-16F7-4668-BE54-9A1E7A4F7556}") = "SevenTiny.Bantina.Extensions.AspNetCore", "SevenTiny.Bantina.Extensions.AspNetCore\SevenTiny.Bantina.Extensions.AspNetCore.csproj", "{4A714115-3F52-4D1D-AB7B-24ACEE91972C}"
EndProject
Project("{9A19103F-16F7-4668-BE54-9A1E7A4F7556}") = "Test.SevenTiny.Bantina", "Test.SevenTiny.Bantina\Test.SevenTiny.Bantina.csproj", "{8A6E8A88-FEA5-4D35-9DAE-A2B66DDD43DB}"
EndProject
Project("{2150E333-8FDC-42A3-9474-1A3956D46DE8}") = "Bamboo.Logging", "Bamboo.Logging", "{9BDB0061-6734-45B0-91A8-CB77B1B24BBE}"
EndProject
Project("{9A19103F-16F7-4668-BE54-9A1E7A4F7556}") = "Bamboo.Logging", "Bamboo.Logging\Bamboo.Logging.csproj", "{4DA79032-C40D-4B88-A0E2-7CAE2A27B2B7}"
EndProject
Project("{9A19103F-16F7-4668-BE54-9A1E7A4F7556}") = "Test.Bamboo.Logging", "Test.Bamboo.Logging\Test.Bamboo.Logging.csproj", "{03B6159C-5F42-40F1-BCF8-E756C857E8AF}"
EndProject
Project("{2150E333-8FDC-42A3-9474-1A3956D46DE8}") = "Bamboo.ScriptEngine", "Bamboo.ScriptEngine", "{FDA17FEF-36FF-4888-8FB9-186C0135D204}"
EndProject
Project("{9A19103F-16F7-4668-BE54-9A1E7A4F7556}") = "Bamboo.ScriptEngine.Core", "Bamboo.ScriptEngine.Core\Bamboo.ScriptEngine.Core.csproj", "{77B6E9B3-5A16-4147-8716-CE7F438EAB2B}"
EndProject
Project("{9A19103F-16F7-4668-BE54-9A1E7A4F7556}") = "Bamboo.ScriptEngine.CSharp", "Bamboo.ScriptEngine.CSharp\Bamboo.ScriptEngine.CSharp.csproj", "{48A91687-54B5-4296-A32E-05CE6D241F20}"
EndProject
Project("{9A19103F-16F7-4668-BE54-9A1E7A4F7556}") = "Test.Bamboo.ScriptEngine.CSharp", "Test.Bamboo.ScriptEngine.CSharp\Test.Bamboo.ScriptEngine.CSharp.csproj", "{B35FB2C1-EDE3-45C2-8F96-F85FF10560DF}"
EndProject
Project("{9A19103F-16F7-4668-BE54-9A1E7A4F7556}") = "Test.Bamboo.Configuration", "Test.Bamboo.Configuration\Test.Bamboo.Configuration.csproj", "{7876FEB9-D45C-4701-8007-E8AEA98FB1D5}"
EndProject
Project("{9A19103F-16F7-4668-BE54-9A1E7A4F7556}") = "SevenTiny.PackageTest", "SevenTiny.PackageTest\SevenTiny.PackageTest.csproj", "{28B1B922-6E0F-436D-9DBB-46BAE86B1814}"
EndProject
Project("{9A19103F-16F7-4668-BE54-9A1E7A4F7556}") = "Bamboo.Configuration", "Bamboo.Configuration\Bamboo.Configuration.csproj", "{7F32B538-1A13-46B1-9E80-85A4EE6782A2}"
EndProject
Global
	GlobalSection(SolutionConfigurationPlatforms) = preSolution
		Debug|Any CPU = Debug|Any CPU
		Release|Any CPU = Release|Any CPU
	EndGlobalSection
	GlobalSection(ProjectConfigurationPlatforms) = postSolution
		{5639640B-3974-43AB-BC45-3156B9615930}.Debug|Any CPU.ActiveCfg = Debug|Any CPU
		{5639640B-3974-43AB-BC45-3156B9615930}.Debug|Any CPU.Build.0 = Debug|Any CPU
		{5639640B-3974-43AB-BC45-3156B9615930}.Release|Any CPU.ActiveCfg = Release|Any CPU
		{5639640B-3974-43AB-BC45-3156B9615930}.Release|Any CPU.Build.0 = Release|Any CPU
		{4A714115-3F52-4D1D-AB7B-24ACEE91972C}.Debug|Any CPU.ActiveCfg = Debug|Any CPU
		{4A714115-3F52-4D1D-AB7B-24ACEE91972C}.Debug|Any CPU.Build.0 = Debug|Any CPU
		{4A714115-3F52-4D1D-AB7B-24ACEE91972C}.Release|Any CPU.ActiveCfg = Release|Any CPU
		{4A714115-3F52-4D1D-AB7B-24ACEE91972C}.Release|Any CPU.Build.0 = Release|Any CPU
		{8A6E8A88-FEA5-4D35-9DAE-A2B66DDD43DB}.Debug|Any CPU.ActiveCfg = Debug|Any CPU
		{8A6E8A88-FEA5-4D35-9DAE-A2B66DDD43DB}.Debug|Any CPU.Build.0 = Debug|Any CPU
		{8A6E8A88-FEA5-4D35-9DAE-A2B66DDD43DB}.Release|Any CPU.ActiveCfg = Release|Any CPU
		{8A6E8A88-FEA5-4D35-9DAE-A2B66DDD43DB}.Release|Any CPU.Build.0 = Release|Any CPU
		{4DA79032-C40D-4B88-A0E2-7CAE2A27B2B7}.Debug|Any CPU.ActiveCfg = Debug|Any CPU
		{4DA79032-C40D-4B88-A0E2-7CAE2A27B2B7}.Debug|Any CPU.Build.0 = Debug|Any CPU
		{4DA79032-C40D-4B88-A0E2-7CAE2A27B2B7}.Release|Any CPU.ActiveCfg = Release|Any CPU
		{4DA79032-C40D-4B88-A0E2-7CAE2A27B2B7}.Release|Any CPU.Build.0 = Release|Any CPU
		{03B6159C-5F42-40F1-BCF8-E756C857E8AF}.Debug|Any CPU.ActiveCfg = Debug|Any CPU
		{03B6159C-5F42-40F1-BCF8-E756C857E8AF}.Debug|Any CPU.Build.0 = Debug|Any CPU
		{03B6159C-5F42-40F1-BCF8-E756C857E8AF}.Release|Any CPU.ActiveCfg = Release|Any CPU
		{03B6159C-5F42-40F1-BCF8-E756C857E8AF}.Release|Any CPU.Build.0 = Release|Any CPU
		{77B6E9B3-5A16-4147-8716-CE7F438EAB2B}.Debug|Any CPU.ActiveCfg = Debug|Any CPU
		{77B6E9B3-5A16-4147-8716-CE7F438EAB2B}.Debug|Any CPU.Build.0 = Debug|Any CPU
		{77B6E9B3-5A16-4147-8716-CE7F438EAB2B}.Release|Any CPU.ActiveCfg = Release|Any CPU
		{77B6E9B3-5A16-4147-8716-CE7F438EAB2B}.Release|Any CPU.Build.0 = Release|Any CPU
		{48A91687-54B5-4296-A32E-05CE6D241F20}.Debug|Any CPU.ActiveCfg = Debug|Any CPU
		{48A91687-54B5-4296-A32E-05CE6D241F20}.Debug|Any CPU.Build.0 = Debug|Any CPU
		{48A91687-54B5-4296-A32E-05CE6D241F20}.Release|Any CPU.ActiveCfg = Release|Any CPU
		{48A91687-54B5-4296-A32E-05CE6D241F20}.Release|Any CPU.Build.0 = Release|Any CPU
		{B35FB2C1-EDE3-45C2-8F96-F85FF10560DF}.Debug|Any CPU.ActiveCfg = Debug|Any CPU
		{B35FB2C1-EDE3-45C2-8F96-F85FF10560DF}.Debug|Any CPU.Build.0 = Debug|Any CPU
		{B35FB2C1-EDE3-45C2-8F96-F85FF10560DF}.Release|Any CPU.ActiveCfg = Release|Any CPU
		{B35FB2C1-EDE3-45C2-8F96-F85FF10560DF}.Release|Any CPU.Build.0 = Release|Any CPU
		{7876FEB9-D45C-4701-8007-E8AEA98FB1D5}.Debug|Any CPU.ActiveCfg = Debug|Any CPU
		{7876FEB9-D45C-4701-8007-E8AEA98FB1D5}.Debug|Any CPU.Build.0 = Debug|Any CPU
		{7876FEB9-D45C-4701-8007-E8AEA98FB1D5}.Release|Any CPU.ActiveCfg = Release|Any CPU
		{7876FEB9-D45C-4701-8007-E8AEA98FB1D5}.Release|Any CPU.Build.0 = Release|Any CPU
		{28B1B922-6E0F-436D-9DBB-46BAE86B1814}.Debug|Any CPU.ActiveCfg = Debug|Any CPU
		{28B1B922-6E0F-436D-9DBB-46BAE86B1814}.Debug|Any CPU.Build.0 = Debug|Any CPU
		{28B1B922-6E0F-436D-9DBB-46BAE86B1814}.Release|Any CPU.ActiveCfg = Release|Any CPU
		{28B1B922-6E0F-436D-9DBB-46BAE86B1814}.Release|Any CPU.Build.0 = Release|Any CPU
		{7F32B538-1A13-46B1-9E80-85A4EE6782A2}.Debug|Any CPU.ActiveCfg = Debug|Any CPU
		{7F32B538-1A13-46B1-9E80-85A4EE6782A2}.Debug|Any CPU.Build.0 = Debug|Any CPU
		{7F32B538-1A13-46B1-9E80-85A4EE6782A2}.Release|Any CPU.ActiveCfg = Release|Any CPU
		{7F32B538-1A13-46B1-9E80-85A4EE6782A2}.Release|Any CPU.Build.0 = Release|Any CPU
	EndGlobalSection
	GlobalSection(SolutionProperties) = preSolution
		HideSolutionNode = FALSE
	EndGlobalSection
	GlobalSection(NestedProjects) = preSolution
		{5639640B-3974-43AB-BC45-3156B9615930} = {CFE764D1-A6DC-4E34-868D-FC065FE81D40}
		{4A714115-3F52-4D1D-AB7B-24ACEE91972C} = {CFE764D1-A6DC-4E34-868D-FC065FE81D40}
		{8A6E8A88-FEA5-4D35-9DAE-A2B66DDD43DB} = {CFE764D1-A6DC-4E34-868D-FC065FE81D40}
		{4DA79032-C40D-4B88-A0E2-7CAE2A27B2B7} = {9BDB0061-6734-45B0-91A8-CB77B1B24BBE}
		{03B6159C-5F42-40F1-BCF8-E756C857E8AF} = {9BDB0061-6734-45B0-91A8-CB77B1B24BBE}
		{77B6E9B3-5A16-4147-8716-CE7F438EAB2B} = {FDA17FEF-36FF-4888-8FB9-186C0135D204}
		{48A91687-54B5-4296-A32E-05CE6D241F20} = {FDA17FEF-36FF-4888-8FB9-186C0135D204}
		{B35FB2C1-EDE3-45C2-8F96-F85FF10560DF} = {FDA17FEF-36FF-4888-8FB9-186C0135D204}
		{7876FEB9-D45C-4701-8007-E8AEA98FB1D5} = {49B3D648-088C-4CCD-82FF-397567F24B3D}
		{7F32B538-1A13-46B1-9E80-85A4EE6782A2} = {49B3D648-088C-4CCD-82FF-397567F24B3D}
	EndGlobalSection
	GlobalSection(ExtensibilityGlobals) = postSolution
		SolutionGuid = {50A912D9-BBF1-4BBD-AA9C-6ABEAC291671}
	EndGlobalSection
EndGlobal
