
Microsoft Visual Studio Solution File, Format Version 12.00
# Visual Studio Version 16
VisualStudioVersion = 16.0.28803.156
MinimumVisualStudioVersion = 10.0.40219.1
Project("{2150E333-8FDC-42A3-9474-1A3956D46DE8}") = "00-Tests", "00-Tests", "{9C767BBE-6BD1-498E-AE09-683F62AC64C3}"
EndProject
Project("{9A19103F-16F7-4668-BE54-9A1E7A4F7556}") = "SevenTiny.Bantina.Bankinate.MySql", "SevenTiny.Bantina.Bankinate.MySql\SevenTiny.Bantina.Bankinate.MySql.csproj", "{5ACA3AE8-6C44-4BB4-81DD-3DB6C86107B3}"
EndProject
Project("{9A19103F-16F7-4668-BE54-9A1E7A4F7556}") = "SevenTiny.Bantina.Bankinate.SqlServer", "SevenTiny.Bantina.Bankinate.SqlServer\SevenTiny.Bantina.Bankinate.SqlServer.csproj", "{C6FEDA1C-99B1-444D-9EAE-57EE2DE67C98}"
EndProject
Project("{9A19103F-16F7-4668-BE54-9A1E7A4F7556}") = "SevenTiny.Bantina.Bankinate.MongoDb", "SevenTiny.Bantina.Bankinate.MongoDb\SevenTiny.Bantina.Bankinate.MongoDb.csproj", "{E0718CE9-755F-4054-A921-164D24307FEB}"
EndProject
Project("{9A19103F-16F7-4668-BE54-9A1E7A4F7556}") = "Test.MySql", "Test\Test.MySql\Test.MySql.csproj", "{10C4E37C-2426-46A9-879C-5AAACE6D44E9}"
EndProject
Project("{9A19103F-16F7-4668-BE54-9A1E7A4F7556}") = "Test.SqlServer", "Test\Test.SqlServer\Test.SqlServer.csproj", "{57B4E546-1BF6-4591-A77E-2EFF1FC3D7C2}"
EndProject
Project("{9A19103F-16F7-4668-BE54-9A1E7A4F7556}") = "Test.MongoDb", "Test\Test.MongoDb\Test.MongoDb.csproj", "{3D460CE6-E199-4CCC-A362-224CCC43E35B}"
EndProject
Project("{9A19103F-16F7-4668-BE54-9A1E7A4F7556}") = "Test.Common", "Test\Test.Common\Test.Common.csproj", "{03174E5D-7084-41FF-8E4E-411B0509F27D}"
EndProject
Project("{9A19103F-16F7-4668-BE54-9A1E7A4F7556}") = "SevenTiny.Bantina.Bankinate.Core", "SevenTiny.Bantina.Bankinate.Core\SevenTiny.Bantina.Bankinate.Core.csproj", "{A931C6CA-FD61-4EBE-89D7-0AF64B43364F}"
EndProject
Project("{9A19103F-16F7-4668-BE54-9A1E7A4F7556}") = "Test.Core", "Test\Test.Core\Test.Core.csproj", "{40691B1A-9FA4-48B2-811D-26C9B9E6E503}"
EndProject
Project("{9A19103F-16F7-4668-BE54-9A1E7A4F7556}") = "SevenTiny.Bantina.Bankinate.Validation", "SevenTiny.Bantina.Bankinate.Validation\SevenTiny.Bantina.Bankinate.Validation.csproj", "{F295736D-D468-4FD1-8466-5417C75FA180}"
EndProject
Project("{2150E333-8FDC-42A3-9474-1A3956D46DE8}") = "DataBaseExtends", "DataBaseExtends", "{0527B152-D909-410D-8569-C587CA75EE15}"
EndProject
Project("{9A19103F-16F7-4668-BE54-9A1E7A4F7556}") = "SevenTiny.Bantina.Bankinate.Caching", "SevenTiny.Bantina.Bankinate.Caching\SevenTiny.Bantina.Bankinate.Caching.csproj", "{C7CBE5A0-8688-45DF-AABA-BB2552E4F01C}"
EndProject
Project("{9A19103F-16F7-4668-BE54-9A1E7A4F7556}") = "Test.Validation", "Test\Test.Validation\Test.Validation.csproj", "{D5BF3652-6FB5-47B4-ACAA-F30A2F29661D}"
EndProject
Project("{9A19103F-16F7-4668-BE54-9A1E7A4F7556}") = "Test.Caching", "Test\Test.Caching\Test.Caching.csproj", "{629FF874-2F07-4D74-A163-3D4D1DF646E1}"
EndProject
Global
	GlobalSection(SolutionConfigurationPlatforms) = preSolution
		Debug|Any CPU = Debug|Any CPU
		Release|Any CPU = Release|Any CPU
	EndGlobalSection
	GlobalSection(ProjectConfigurationPlatforms) = postSolution
		{5ACA3AE8-6C44-4BB4-81DD-3DB6C86107B3}.Debug|Any CPU.ActiveCfg = Debug|Any CPU
		{5ACA3AE8-6C44-4BB4-81DD-3DB6C86107B3}.Debug|Any CPU.Build.0 = Debug|Any CPU
		{5ACA3AE8-6C44-4BB4-81DD-3DB6C86107B3}.Release|Any CPU.ActiveCfg = Release|Any CPU
		{5ACA3AE8-6C44-4BB4-81DD-3DB6C86107B3}.Release|Any CPU.Build.0 = Release|Any CPU
		{C6FEDA1C-99B1-444D-9EAE-57EE2DE67C98}.Debug|Any CPU.ActiveCfg = Debug|Any CPU
		{C6FEDA1C-99B1-444D-9EAE-57EE2DE67C98}.Debug|Any CPU.Build.0 = Debug|Any CPU
		{C6FEDA1C-99B1-444D-9EAE-57EE2DE67C98}.Release|Any CPU.ActiveCfg = Release|Any CPU
		{C6FEDA1C-99B1-444D-9EAE-57EE2DE67C98}.Release|Any CPU.Build.0 = Release|Any CPU
		{E0718CE9-755F-4054-A921-164D24307FEB}.Debug|Any CPU.ActiveCfg = Debug|Any CPU
		{E0718CE9-755F-4054-A921-164D24307FEB}.Debug|Any CPU.Build.0 = Debug|Any CPU
		{E0718CE9-755F-4054-A921-164D24307FEB}.Release|Any CPU.ActiveCfg = Release|Any CPU
		{E0718CE9-755F-4054-A921-164D24307FEB}.Release|Any CPU.Build.0 = Release|Any CPU
		{10C4E37C-2426-46A9-879C-5AAACE6D44E9}.Debug|Any CPU.ActiveCfg = Debug|Any CPU
		{10C4E37C-2426-46A9-879C-5AAACE6D44E9}.Debug|Any CPU.Build.0 = Debug|Any CPU
		{10C4E37C-2426-46A9-879C-5AAACE6D44E9}.Release|Any CPU.ActiveCfg = Release|Any CPU
		{10C4E37C-2426-46A9-879C-5AAACE6D44E9}.Release|Any CPU.Build.0 = Release|Any CPU
		{57B4E546-1BF6-4591-A77E-2EFF1FC3D7C2}.Debug|Any CPU.ActiveCfg = Debug|Any CPU
		{57B4E546-1BF6-4591-A77E-2EFF1FC3D7C2}.Debug|Any CPU.Build.0 = Debug|Any CPU
		{57B4E546-1BF6-4591-A77E-2EFF1FC3D7C2}.Release|Any CPU.ActiveCfg = Release|Any CPU
		{57B4E546-1BF6-4591-A77E-2EFF1FC3D7C2}.Release|Any CPU.Build.0 = Release|Any CPU
		{3D460CE6-E199-4CCC-A362-224CCC43E35B}.Debug|Any CPU.ActiveCfg = Debug|Any CPU
		{3D460CE6-E199-4CCC-A362-224CCC43E35B}.Debug|Any CPU.Build.0 = Debug|Any CPU
		{3D460CE6-E199-4CCC-A362-224CCC43E35B}.Release|Any CPU.ActiveCfg = Release|Any CPU
		{3D460CE6-E199-4CCC-A362-224CCC43E35B}.Release|Any CPU.Build.0 = Release|Any CPU
		{03174E5D-7084-41FF-8E4E-411B0509F27D}.Debug|Any CPU.ActiveCfg = Debug|Any CPU
		{03174E5D-7084-41FF-8E4E-411B0509F27D}.Debug|Any CPU.Build.0 = Debug|Any CPU
		{03174E5D-7084-41FF-8E4E-411B0509F27D}.Release|Any CPU.ActiveCfg = Release|Any CPU
		{03174E5D-7084-41FF-8E4E-411B0509F27D}.Release|Any CPU.Build.0 = Release|Any CPU
		{A931C6CA-FD61-4EBE-89D7-0AF64B43364F}.Debug|Any CPU.ActiveCfg = Debug|Any CPU
		{A931C6CA-FD61-4EBE-89D7-0AF64B43364F}.Debug|Any CPU.Build.0 = Debug|Any CPU
		{A931C6CA-FD61-4EBE-89D7-0AF64B43364F}.Release|Any CPU.ActiveCfg = Release|Any CPU
		{A931C6CA-FD61-4EBE-89D7-0AF64B43364F}.Release|Any CPU.Build.0 = Release|Any CPU
		{40691B1A-9FA4-48B2-811D-26C9B9E6E503}.Debug|Any CPU.ActiveCfg = Debug|Any CPU
		{40691B1A-9FA4-48B2-811D-26C9B9E6E503}.Debug|Any CPU.Build.0 = Debug|Any CPU
		{40691B1A-9FA4-48B2-811D-26C9B9E6E503}.Release|Any CPU.ActiveCfg = Release|Any CPU
		{40691B1A-9FA4-48B2-811D-26C9B9E6E503}.Release|Any CPU.Build.0 = Release|Any CPU
		{F295736D-D468-4FD1-8466-5417C75FA180}.Debug|Any CPU.ActiveCfg = Debug|Any CPU
		{F295736D-D468-4FD1-8466-5417C75FA180}.Debug|Any CPU.Build.0 = Debug|Any CPU
		{F295736D-D468-4FD1-8466-5417C75FA180}.Release|Any CPU.ActiveCfg = Release|Any CPU
		{F295736D-D468-4FD1-8466-5417C75FA180}.Release|Any CPU.Build.0 = Release|Any CPU
		{C7CBE5A0-8688-45DF-AABA-BB2552E4F01C}.Debug|Any CPU.ActiveCfg = Debug|Any CPU
		{C7CBE5A0-8688-45DF-AABA-BB2552E4F01C}.Debug|Any CPU.Build.0 = Debug|Any CPU
		{C7CBE5A0-8688-45DF-AABA-BB2552E4F01C}.Release|Any CPU.ActiveCfg = Release|Any CPU
		{C7CBE5A0-8688-45DF-AABA-BB2552E4F01C}.Release|Any CPU.Build.0 = Release|Any CPU
		{D5BF3652-6FB5-47B4-ACAA-F30A2F29661D}.Debug|Any CPU.ActiveCfg = Debug|Any CPU
		{D5BF3652-6FB5-47B4-ACAA-F30A2F29661D}.Debug|Any CPU.Build.0 = Debug|Any CPU
		{D5BF3652-6FB5-47B4-ACAA-F30A2F29661D}.Release|Any CPU.ActiveCfg = Release|Any CPU
		{D5BF3652-6FB5-47B4-ACAA-F30A2F29661D}.Release|Any CPU.Build.0 = Release|Any CPU
		{629FF874-2F07-4D74-A163-3D4D1DF646E1}.Debug|Any CPU.ActiveCfg = Debug|Any CPU
		{629FF874-2F07-4D74-A163-3D4D1DF646E1}.Debug|Any CPU.Build.0 = Debug|Any CPU
		{629FF874-2F07-4D74-A163-3D4D1DF646E1}.Release|Any CPU.ActiveCfg = Release|Any CPU
		{629FF874-2F07-4D74-A163-3D4D1DF646E1}.Release|Any CPU.Build.0 = Release|Any CPU
	EndGlobalSection
	GlobalSection(SolutionProperties) = preSolution
		HideSolutionNode = FALSE
	EndGlobalSection
	GlobalSection(NestedProjects) = preSolution
		{5ACA3AE8-6C44-4BB4-81DD-3DB6C86107B3} = {0527B152-D909-410D-8569-C587CA75EE15}
		{C6FEDA1C-99B1-444D-9EAE-57EE2DE67C98} = {0527B152-D909-410D-8569-C587CA75EE15}
		{E0718CE9-755F-4054-A921-164D24307FEB} = {0527B152-D909-410D-8569-C587CA75EE15}
		{10C4E37C-2426-46A9-879C-5AAACE6D44E9} = {9C767BBE-6BD1-498E-AE09-683F62AC64C3}
		{57B4E546-1BF6-4591-A77E-2EFF1FC3D7C2} = {9C767BBE-6BD1-498E-AE09-683F62AC64C3}
		{3D460CE6-E199-4CCC-A362-224CCC43E35B} = {9C767BBE-6BD1-498E-AE09-683F62AC64C3}
		{03174E5D-7084-41FF-8E4E-411B0509F27D} = {9C767BBE-6BD1-498E-AE09-683F62AC64C3}
		{40691B1A-9FA4-48B2-811D-26C9B9E6E503} = {9C767BBE-6BD1-498E-AE09-683F62AC64C3}
		{D5BF3652-6FB5-47B4-ACAA-F30A2F29661D} = {9C767BBE-6BD1-498E-AE09-683F62AC64C3}
		{629FF874-2F07-4D74-A163-3D4D1DF646E1} = {9C767BBE-6BD1-498E-AE09-683F62AC64C3}
	EndGlobalSection
	GlobalSection(ExtensibilityGlobals) = postSolution
		SolutionGuid = {6877A61D-D2DF-470C-AF7F-FE2F330044CF}
	EndGlobalSection
EndGlobal
