
Microsoft Visual Studio Solution File, Format Version 12.00
# Visual Studio Version 16
VisualStudioVersion = 16.0.28803.156
MinimumVisualStudioVersion = 10.0.40219.1
Project("{9A19103F-16F7-4668-BE54-9A1E7A4F7556}") = "SevenTiny.Bantina.Bankinate.SqlServer", "..\Code\SevenTiny.Bantina.Bankinate.SqlServer\SevenTiny.Bantina.Bankinate.SqlServer.csproj", "{7DA4BD13-BB72-4135-BD42-8D9F2962B3A0}"
EndProject
Project("{9A19103F-16F7-4668-BE54-9A1E7A4F7556}") = "SevenTiny.Bantina.Bankinate.Core", "..\Code\SevenTiny.Bantina.Bankinate.Core\SevenTiny.Bantina.Bankinate.Core.csproj", "{41BBCC95-B449-46A8-8399-77540C9927F9}"
EndProject
Global
	GlobalSection(SolutionConfigurationPlatforms) = preSolution
		Debug|Any CPU = Debug|Any CPU
		Release|Any CPU = Release|Any CPU
	EndGlobalSection
	GlobalSection(ProjectConfigurationPlatforms) = postSolution
		{7DA4BD13-BB72-4135-BD42-8D9F2962B3A0}.Debug|Any CPU.ActiveCfg = Debug|Any CPU
		{7DA4BD13-BB72-4135-BD42-8D9F2962B3A0}.Debug|Any CPU.Build.0 = Debug|Any CPU
		{7DA4BD13-BB72-4135-BD42-8D9F2962B3A0}.Release|Any CPU.ActiveCfg = Release|Any CPU
		{7DA4BD13-BB72-4135-BD42-8D9F2962B3A0}.Release|Any CPU.Build.0 = Release|Any CPU
		{41BBCC95-B449-46A8-8399-77540C9927F9}.Debug|Any CPU.ActiveCfg = Debug|Any CPU
		{41BBCC95-B449-46A8-8399-77540C9927F9}.Debug|Any CPU.Build.0 = Debug|Any CPU
		{41BBCC95-B449-46A8-8399-77540C9927F9}.Release|Any CPU.ActiveCfg = Release|Any CPU
		{41BBCC95-B449-46A8-8399-77540C9927F9}.Release|Any CPU.Build.0 = Release|Any CPU
	EndGlobalSection
	GlobalSection(SolutionProperties) = preSolution
		HideSolutionNode = FALSE
	EndGlobalSection
	GlobalSection(ExtensibilityGlobals) = postSolution
		SolutionGuid = {6877A61D-D2DF-470C-AF7F-FE2F330044CF}
	EndGlobalSection
EndGlobal
